<?xml version="1.0" encoding="utf-8"?>
<Project ToolsVersion="4.0" xmlns="http://schemas.microsoft.com/developer/msbuild/2003">
  <ItemGroup>
    <Filter Include="Source Files">
      <UniqueIdentifier>{4FC737F1-C7A5-4376-A066-2A32D752A2FF}</UniqueIdentifier>
      <Extensions>cpp;c;cc;cxx;c++;cppm;ixx;def;odl;idl;hpj;bat;asm;asmx</Extensions>
    </Filter>
    <Filter Include="Header Files">
      <UniqueIdentifier>{93995380-89BD-4b04-88EB-625FBE52EBFB}</UniqueIdentifier>
      <Extensions>h;hh;hpp;hxx;h++;hm;inl;inc;ipp;xsd</Extensions>
    </Filter>
    <Filter Include="Resource Files">
      <UniqueIdentifier>{67DA6AB6-F800-4c08-8B7A-83BB121AAD01}</UniqueIdentifier>
      <Extensions>rc;ico;cur;bmp;dlg;rc2;rct;bin;rgs;gif;jpg;jpeg;jpe;resx;tiff;tif;png;wav;mfcribbon-ms</Extensions>
    </Filter>
    <Filter Include="Resource Files\imgui">
      <UniqueIdentifier>{854fea8f-c578-4cb3-ae60-e34d20e85269}</UniqueIdentifier>
    </Filter>
    <Filter Include="Resource Files\oglUtil">
      <UniqueIdentifier>{6f04b61c-b07a-4c3b-a4c1-971893cd8408}</UniqueIdentifier>
    </Filter>
    <Filter Include="Header Files\util">
      <UniqueIdentifier>{0aaa8206-6375-4f76-a99b-8fa22dfc4742}</UniqueIdentifier>
    </Filter>
    <Filter Include="Header Files\octree">
      <UniqueIdentifier>{fcd7c66d-003b-4f93-b6db-3c3728bd039b}</UniqueIdentifier>
    </Filter>
  </ItemGroup>
  <ItemGroup>
    <ClCompile Include="QuadTree\Main.cpp">
      <Filter>Source Files</Filter>
    </ClCompile>
    <ClCompile Include="..\imgui\imgui_draw.cpp">
      <Filter>Resource Files\imgui</Filter>
    </ClCompile>
    <ClCompile Include="..\imgui\imgui_impl_glfw.cpp">
      <Filter>Resource Files\imgui</Filter>
    </ClCompile>
    <ClCompile Include="..\imgui\imgui_impl_opengl3.cpp">
      <Filter>Resource Files\imgui</Filter>
    </ClCompile>
    <ClCompile Include="..\imgui\imgui_tables.cpp">
      <Filter>Resource Files\imgui</Filter>
    </ClCompile>
    <ClCompile Include="..\imgui\imgui_widgets.cpp">
      <Filter>Resource Files\imgui</Filter>
    </ClCompile>
    <ClCompile Include="..\imgui\imgui.cpp">
      <Filter>Resource Files\imgui</Filter>
    </ClCompile>
    <ClCompile Include="..\imgui\imgui_demo.cpp">
      <Filter>Resource Files\imgui</Filter>
    </ClCompile>
    <ClCompile Include="QuadTree\Shader.cpp">
      <Filter>Resource Files\oglUtil</Filter>
    </ClCompile>
    <ClCompile Include="QuadTree\arcball_camera.cpp">
      <Filter>Header Files\util</Filter>
    </ClCompile>
    <ClCompile Include="QuadTree\Octree.cpp">
      <Filter>Header Files\octree</Filter>
    </ClCompile>
  </ItemGroup>
  <ItemGroup>
    <ClInclude Include="QuadTree\QuadTreeCollisions.h">
      <Filter>Header Files</Filter>
    </ClInclude>
    <ClInclude Include="QuadTree\Boid.h">
      <Filter>Header Files</Filter>
    </ClInclude>
    <ClInclude Include="QuadTree\Shader.h">
      <Filter>Resource Files\oglUtil</Filter>
    </ClInclude>
    <ClInclude Include="QuadTree\Octree_deprecated.h">
      <Filter>Header Files</Filter>
    </ClInclude>
    <ClInclude Include="QuadTree\QuadTree.h">
      <Filter>Header Files</Filter>
    </ClInclude>
    <ClInclude Include="QuadTree\OctreeTest.h">
      <Filter>Header Files</Filter>
    </ClInclude>
    <ClInclude Include="QuadTree\Util.h">
      <Filter>Header Files\util</Filter>
    </ClInclude>
    <ClInclude Include="QuadTree\arcball_camera.h">
      <Filter>Header Files\util</Filter>
    </ClInclude>
    <ClInclude Include="QuadTree\Octree.h">
      <Filter>Header Files\octree</Filter>
    </ClInclude>
    <ClInclude Include="QuadTree\List.h">
      <Filter>Header Files\octree</Filter>
    </ClInclude>
    <ClInclude Include="QuadTree\States.h">
      <Filter>Header Files\octree</Filter>
    </ClInclude>
    <ClInclude Include="QuadTree\Bounds.h">
      <Filter>Header Files\octree</Filter>
    </ClInclude>
    <ClInclude Include="QuadTree\vertexmemory.h">
      <Filter>Header Files\util</Filter>
    </ClInclude>
    <ClInclude Include="QuadTree\Box.h">
      <Filter>Header Files\util</Filter>
    </ClInclude>
    <ClInclude Include="QuadTree\Instance.h">
      <Filter>Header Files\octree</Filter>
    </ClInclude>
    <ClInclude Include="QuadTree\QuadFlocking.h">
      <Filter>Header Files</Filter>
    </ClInclude>
  </ItemGroup>
</Project>